// !$*UTF8*$!
{
	archiveVersion = 1;
	classes = {
	};
	objectVersion = 46;
	objects = {

/* Begin PBXBuildFile section */
		6A040BD719C8228A00A2D27B /* adaptive_tab_bar_extension.h in CopyFiles */ = {isa = PBXBuildFile; fileRef = 6A040BD619C8228A00A2D27B /* adaptive_tab_bar_extension.h */; };
		6A040BD919C8228A00A2D27B /* adaptive_tab_bar_extension.m in Sources */ = {isa = PBXBuildFile; fileRef = 6A040BD819C8228A00A2D27B /* adaptive_tab_bar_extension.m */; };
		6A040BDF19C8228A00A2D27B /* libadaptive-tab-bar-extension.a in Frameworks */ = {isa = PBXBuildFile; fileRef = 6A040BD319C8228A00A2D27B /* libadaptive-tab-bar-extension.a */; };
/* End PBXBuildFile section */

/* Begin PBXContainerItemProxy section */
		6A040BE019C8228A00A2D27B /* PBXContainerItemProxy */ = {
			isa = PBXContainerItemProxy;
			containerPortal = 6A040BCB19C8228A00A2D27B /* Project object */;
			proxyType = 1;
			remoteGlobalIDString = 6A040BD219C8228A00A2D27B;
			remoteInfo = "adaptive-tab-bar-extension";
		};
/* End PBXContainerItemProxy section */

/* Begin PBXCopyFilesBuildPhase section */
		6A040BD119C8228A00A2D27B /* CopyFiles */ = {
			isa = PBXCopyFilesBuildPhase;
			buildActionMask = 2147483647;
			dstPath = "include/$(PRODUCT_NAME)";
			dstSubfolderSpec = 16;
			files = (
				6A040BD719C8228A00A2D27B /* adaptive_tab_bar_extension.h in CopyFiles */,
			);
			runOnlyForDeploymentPostprocessing = 0;
		};
/* End PBXCopyFilesBuildPhase section */

/* Begin PBXFileReference section */
		6A040BD319C8228A00A2D27B /* libadaptive-tab-bar-extension.a */ = {isa = PBXFileReference; explicitFileType = archive.ar; includeInIndex = 0; path = "libadaptive-tab-bar-extension.a"; sourceTree = BUILT_PRODUCTS_DIR; };
		6A040BD619C8228A00A2D27B /* adaptive_tab_bar_extension.h */ = {isa = PBXFileReference; lastKnownFileType = sourcecode.c.h; path = adaptive_tab_bar_extension.h; sourceTree = "<group>"; };
		6A040BD819C8228A00A2D27B /* adaptive_tab_bar_extension.m */ = {isa = PBXFileReference; lastKnownFileType = sourcecode.c.objc; path = adaptive_tab_bar_extension.m; sourceTree = "<group>"; };
		6A040BDE19C8228A00A2D27B /* adaptive-tab-bar-extensionTests.xctest */ = {isa = PBXFileReference; explicitFileType = wrapper.cfbundle; includeInIndex = 0; path = "adaptive-tab-bar-extensionTests.xctest"; sourceTree = BUILT_PRODUCTS_DIR; };
		6A040BE419C8228A00A2D27B /* Info.plist */ = {isa = PBXFileReference; lastKnownFileType = text.plist.xml; path = Info.plist; sourceTree = "<group>"; };
/* End PBXFileReference section */

/* Begin PBXFrameworksBuildPhase section */
		6A040BD019C8228A00A2D27B /* Frameworks */ = {
			isa = PBXFrameworksBuildPhase;
			buildActionMask = 2147483647;
			files = (
			);
			runOnlyForDeploymentPostprocessing = 0;
		};
		6A040BDB19C8228A00A2D27B /* Frameworks */ = {
			isa = PBXFrameworksBuildPhase;
			buildActionMask = 2147483647;
			files = (
				6A040BDF19C8228A00A2D27B /* libadaptive-tab-bar-extension.a in Frameworks */,
			);
			runOnlyForDeploymentPostprocessing = 0;
		};
/* End PBXFrameworksBuildPhase section */

/* Begin PBXGroup section */
		6A040BCA19C8228A00A2D27B = {
			isa = PBXGroup;
			children = (
				6A040BD519C8228A00A2D27B /* adaptive-tab-bar-extension */,
				6A040BE219C8228A00A2D27B /* adaptive-tab-bar-extensionTests */,
				6A040BD419C8228A00A2D27B /* Products */,
			);
			sourceTree = "<group>";
		};
		6A040BD419C8228A00A2D27B /* Products */ = {
			isa = PBXGroup;
			children = (
				6A040BD319C8228A00A2D27B /* libadaptive-tab-bar-extension.a */,
				6A040BDE19C8228A00A2D27B /* adaptive-tab-bar-extensionTests.xctest */,
			);
			name = Products;
			sourceTree = "<group>";
		};
		6A040BD519C8228A00A2D27B /* adaptive-tab-bar-extension */ = {
			isa = PBXGroup;
			children = (
				6A040BD619C8228A00A2D27B /* adaptive_tab_bar_extension.h */,
				6A040BD819C8228A00A2D27B /* adaptive_tab_bar_extension.m */,
			);
			path = "adaptive-tab-bar-extension";
			sourceTree = "<group>";
		};
		6A040BE219C8228A00A2D27B /* adaptive-tab-bar-extensionTests */ = {
			isa = PBXGroup;
			children = (
				6A040BE319C8228A00A2D27B /* Supporting Files */,
			);
			path = "adaptive-tab-bar-extensionTests";
			sourceTree = "<group>";
		};
		6A040BE319C8228A00A2D27B /* Supporting Files */ = {
			isa = PBXGroup;
			children = (
				6A040BE419C8228A00A2D27B /* Info.plist */,
			);
			name = "Supporting Files";
			sourceTree = "<group>";
		};
/* End PBXGroup section */

/* Begin PBXNativeTarget section */
		6A040BD219C8228A00A2D27B /* adaptive-tab-bar-extension */ = {
			isa = PBXNativeTarget;
			buildConfigurationList = 6A040BE719C8228A00A2D27B /* Build configuration list for PBXNativeTarget "adaptive-tab-bar-extension" */;
			buildPhases = (
				6A040BCF19C8228A00A2D27B /* Sources */,
				6A040BD019C8228A00A2D27B /* Frameworks */,
				6A040BD119C8228A00A2D27B /* CopyFiles */,
			);
			buildRules = (
			);
			dependencies = (
			);
			name = "adaptive-tab-bar-extension";
			productName = "adaptive-tab-bar-extension";
			productReference = 6A040BD319C8228A00A2D27B /* libadaptive-tab-bar-extension.a */;
			productType = "com.apple.product-type.library.static";
		};
		6A040BDD19C8228A00A2D27B /* adaptive-tab-bar-extensionTests */ = {
			isa = PBXNativeTarget;
			buildConfigurationList = 6A040BEA19C8228A00A2D27B /* Build configuration list for PBXNativeTarget "adaptive-tab-bar-extensionTests" */;
			buildPhases = (
				6A040BDA19C8228A00A2D27B /* Sources */,
				6A040BDB19C8228A00A2D27B /* Frameworks */,
				6A040BDC19C8228A00A2D27B /* Resources */,
			);
			buildRules = (
			);
			dependencies = (
				6A040BE119C8228A00A2D27B /* PBXTargetDependency */,
			);
			name = "adaptive-tab-bar-extensionTests";
			productName = "adaptive-tab-bar-extensionTests";
			productReference = 6A040BDE19C8228A00A2D27B /* adaptive-tab-bar-extensionTests.xctest */;
			productType = "com.apple.product-type.bundle.unit-test";
		};
/* End PBXNativeTarget section */

/* Begin PBXProject section */
		6A040BCB19C8228A00A2D27B /* Project object */ = {
			isa = PBXProject;
			attributes = {
				LastUpgradeCheck = 0600;
				ORGANIZATIONNAME = Ramotion;
				TargetAttributes = {
					6A040BD219C8228A00A2D27B = {
						CreatedOnToolsVersion = 6.1;
					};
					6A040BDD19C8228A00A2D27B = {
						CreatedOnToolsVersion = 6.1;
					};
				};
			};
			buildConfigurationList = 6A040BCE19C8228A00A2D27B /* Build configuration list for PBXProject "adaptive-tab-bar-extension" */;
			compatibilityVersion = "Xcode 3.2";
			developmentRegion = English;
			hasScannedForEncodings = 0;
			knownRegions = (
				en,
			);
			mainGroup = 6A040BCA19C8228A00A2D27B;
			productRefGroup = 6A040BD419C8228A00A2D27B /* Products */;
			projectDirPath = "";
			projectRoot = "";
			targets = (
				6A040BD219C8228A00A2D27B /* adaptive-tab-bar-extension */,
				6A040BDD19C8228A00A2D27B /* adaptive-tab-bar-extensionTests */,
			);
		};
/* End PBXProject section */

/* Begin PBXResourcesBuildPhase section */
		6A040BDC19C8228A00A2D27B /* Resources */ = {
			isa = PBXResourcesBuildPhase;
			buildActionMask = 2147483647;
			files = (
			);
			runOnlyForDeploymentPostprocessing = 0;
		};
/* End PBXResourcesBuildPhase section */

/* Begin PBXSourcesBuildPhase section */
		6A040BCF19C8228A00A2D27B /* Sources */ = {
			isa = PBXSourcesBuildPhase;
			buildActionMask = 2147483647;
			files = (
				6A040BD919C8228A00A2D27B /* adaptive_tab_bar_extension.m in Sources */,
			);
			runOnlyForDeploymentPostprocessing = 0;
		};
		6A040BDA19C8228A00A2D27B /* Sources */ = {
			isa = PBXSourcesBuildPhase;
			buildActionMask = 2147483647;
			files = (
			);
			runOnlyForDeploymentPostprocessing = 0;
		};
/* End PBXSourcesBuildPhase section */

/* Begin PBXTargetDependency section */
		6A040BE119C8228A00A2D27B /* PBXTargetDependency */ = {
			isa = PBXTargetDependency;
			target = 6A040BD219C8228A00A2D27B /* adaptive-tab-bar-extension */;
			targetProxy = 6A040BE019C8228A00A2D27B /* PBXContainerItemProxy */;
		};
/* End PBXTargetDependency section */

/* Begin XCBuildConfiguration section */
		6A040BE519C8228A00A2D27B /* Debug */ = {
			isa = XCBuildConfiguration;
			buildSettings = {
				ALWAYS_SEARCH_USER_PATHS = NO;
				CLANG_CXX_LANGUAGE_STANDARD = "gnu++0x";
				CLANG_CXX_LIBRARY = "libc++";
				CLANG_ENABLE_MODULES = YES;
				CLANG_ENABLE_OBJC_ARC = YES;
				CLANG_WARN_BOOL_CONVERSION = YES;
				CLANG_WARN_CONSTANT_CONVERSION = YES;
				CLANG_WARN_DIRECT_OBJC_ISA_USAGE = YES_ERROR;
				CLANG_WARN_EMPTY_BODY = YES;
				CLANG_WARN_ENUM_CONVERSION = YES;
				CLANG_WARN_INT_CONVERSION = YES;
				CLANG_WARN_OBJC_ROOT_CLASS = YES_ERROR;
				CLANG_WARN_UNREACHABLE_CODE = YES;
				CLANG_WARN__DUPLICATE_METHOD_MATCH = YES;
				COPY_PHASE_STRIP = NO;
				ENABLE_STRICT_OBJC_MSGSEND = YES;
				GCC_C_LANGUAGE_STANDARD = gnu99;
				GCC_DYNAMIC_NO_PIC = NO;
				GCC_OPTIMIZATION_LEVEL = 0;
				GCC_PREPROCESSOR_DEFINITIONS = (
					"DEBUG=1",
					"$(inherited)",
				);
				GCC_SYMBOLS_PRIVATE_EXTERN = NO;
				GCC_WARN_64_TO_32_BIT_CONVERSION = YES;
				GCC_WARN_ABOUT_RETURN_TYPE = YES_ERROR;
				GCC_WARN_UNDECLARED_SELECTOR = YES;
				GCC_WARN_UNINITIALIZED_AUTOS = YES_AGGRESSIVE;
				GCC_WARN_UNUSED_FUNCTION = YES;
				GCC_WARN_UNUSED_VARIABLE = YES;
				IPHONEOS_DEPLOYMENT_TARGET = 8.0;
				MTL_ENABLE_DEBUG_INFO = YES;
				ONLY_ACTIVE_ARCH = YES;
				SDKROOT = iphoneos;
			};
			name = Debug;
		};
		6A040BE619C8228A00A2D27B /* Release */ = {
			isa = XCBuildConfiguration;
			buildSettings = {
				ALWAYS_SEARCH_USER_PATHS = NO;
				CLANG_CXX_LANGUAGE_STANDARD = "gnu++0x";
				CLANG_CXX_LIBRARY = "libc++";
				CLANG_ENABLE_MODULES = YES;
				CLANG_ENABLE_OBJC_ARC = YES;
				CLANG_WARN_BOOL_CONVERSION = YES;
				CLANG_WARN_CONSTANT_CONVERSION = YES;
				CLANG_WARN_DIRECT_OBJC_ISA_USAGE = YES_ERROR;
				CLANG_WARN_EMPTY_BODY = YES;
				CLANG_WARN_ENUM_CONVERSION = YES;
				CLANG_WARN_INT_CONVERSION = YES;
				CLANG_WARN_OBJC_ROOT_CLASS = YES_ERROR;
				CLANG_WARN_UNREACHABLE_CODE = YES;
				CLANG_WARN__DUPLICATE_METHOD_MATCH = YES;
				COPY_PHASE_STRIP = YES;
				ENABLE_NS_ASSERTIONS = NO;
				ENABLE_STRICT_OBJC_MSGSEND = YES;
				GCC_C_LANGUAGE_STANDARD = gnu99;
				GCC_WARN_64_TO_32_BIT_CONVERSION = YES;
				GCC_WARN_ABOUT_RETURN_TYPE = YES_ERROR;
				GCC_WARN_UNDECLARED_SELECTOR = YES;
				GCC_WARN_UNINITIALIZED_AUTOS = YES_AGGRESSIVE;
				GCC_WARN_UNUSED_FUNCTION = YES;
				GCC_WARN_UNUSED_VARIABLE = YES;
				IPHONEOS_DEPLOYMENT_TARGET = 8.0;
				MTL_ENABLE_DEBUG_INFO = NO;
				SDKROOT = iphoneos;
				VALIDATE_PRODUCT = YES;
			};
			name = Release;
		};
		6A040BE819C8228A00A2D27B /* Debug */ = {
			isa = XCBuildConfiguration;
			buildSettings = {
				OTHER_LDFLAGS = "-ObjC";
				PRODUCT_NAME = "$(TARGET_NAME)";
				SKIP_INSTALL = YES;
			};
			name = Debug;
		};
		6A040BE919C8228A00A2D27B /* Release */ = {
			isa = XCBuildConfiguration;
			buildSettings = {
				OTHER_LDFLAGS = "-ObjC";
				PRODUCT_NAME = "$(TARGET_NAME)";
				SKIP_INSTALL = YES;
			};
			name = Release;
		};
		6A040BEB19C8228A00A2D27B /* Debug */ = {
			isa = XCBuildConfiguration;
			buildSettings = {
				FRAMEWORK_SEARCH_PATHS = (
					"$(SDKROOT)/Developer/Library/Frameworks",
					"$(inherited)",
				);
				GCC_PREPROCESSOR_DEFINITIONS = (
					"DEBUG=1",
					"$(inherited)",
				);
				INFOPLIST_FILE = "adaptive-tab-bar-extensionTests/Info.plist";
				LD_RUNPATH_SEARCH_PATHS = "$(inherited) @executable_path/Frameworks @loader_path/Frameworks";
				PRODUCT_NAME = "$(TARGET_NAME)";
			};
			name = Debug;
		};
		6A040BEC19C8228A00A2D27B /* Release */ = {
			isa = XCBuildConfiguration;
			buildSettings = {
				FRAMEWORK_SEARCH_PATHS = (
					"$(SDKROOT)/Developer/Library/Frameworks",
					"$(inherited)",
				);
				INFOPLIST_FILE = "adaptive-tab-bar-extensionTests/Info.plist";
				LD_RUNPATH_SEARCH_PATHS = "$(inherited) @executable_path/Frameworks @loader_path/Frameworks";
				PRODUCT_NAME = "$(TARGET_NAME)";
			};
			name = Release;
		};
/* End XCBuildConfiguration section */

/* Begin XCConfigurationList section */
		6A040BCE19C8228A00A2D27B /* Build configuration list for PBXProject "adaptive-tab-bar-extension" */ = {
			isa = XCConfigurationList;
			buildConfigurations = (
				6A040BE519C8228A00A2D27B /* Debug */,
				6A040BE619C8228A00A2D27B /* Release */,
			);
			defaultConfigurationIsVisible = 0;
			defaultConfigurationName = Release;
		};
		6A040BE719C8228A00A2D27B /* Build configuration list for PBXNativeTarget "adaptive-tab-bar-extension" */ = {
			isa = XCConfigurationList;
			buildConfigurations = (
				6A040BE819C8228A00A2D27B /* Debug */,
				6A040BE919C8228A00A2D27B /* Release */,
			);
			defaultConfigurationIsVisible = 0;
		};
		6A040BEA19C8228A00A2D27B /* Build configuration list for PBXNativeTarget "adaptive-tab-bar-extensionTests" */ = {
			isa = XCConfigurationList;
			buildConfigurations = (
				6A040BEB19C8228A00A2D27B /* Debug */,
				6A040BEC19C8228A00A2D27B /* Release */,
			);
			defaultConfigurationIsVisible = 0;
		};
/* End XCConfigurationList section */
	};
	rootObject = 6A040BCB19C8228A00A2D27B /* Project object */;
}
